
Microsoft Visual Studio Solution File, Format Version 12.00
# Visual Studio Version 17
VisualStudioVersion = 17.11.35312.102
MinimumVisualStudioVersion = 10.0.40219.1
Project("{D2ABAB84-BF74-430A-B69E-9DC6D40DDA17}") = "IS217_SSAS", "IS217_SSAS\IS217_SSAS.dwproj", "{D3A278AD-D085-48B0-8759-491A2B59B62A}"
EndProject
Global
	GlobalSection(SolutionConfigurationPlatforms) = preSolution
		Development|Default = Development|Default
	EndGlobalSection
	GlobalSection(ProjectConfigurationPlatforms) = postSolution
		{D3A278AD-D085-48B0-8759-491A2B59B62A}.Development|Default.ActiveCfg = Development
		{D3A278AD-D085-48B0-8759-491A2B59B62A}.Development|Default.Build.0 = Development
		{D3A278AD-D085-48B0-8759-491A2B59B62A}.Development|Default.Deploy.0 = Development
	EndGlobalSection
	GlobalSection(SolutionProperties) = preSolution
		HideSolutionNode = FALSE
	EndGlobalSection
	GlobalSection(ExtensibilityGlobals) = postSolution
		SolutionGuid = {02D5C8CB-C985-4A09-B1DF-71698DE6CEE6}
	EndGlobalSection
EndGlobal
